
Microsoft Visual Studio Solution File, Format Version 12.00
# Visual Studio Version 17
VisualStudioVersion = 17.4.33122.133
MinimumVisualStudioVersion = 10.0.40219.1
Project("{FAE04EC0-301F-11D3-BF4B-00C04F79EFBC}") = "dotnetcoresample", "dotnetcoresample\dotnetcoresample.csproj", "{D5469532-4AF3-4560-8640-97D002C61322}"
EndProject
Global
	GlobalSection(SolutionConfigurationPlatforms) = preSolution
		Debug|Any CPU = Debug|Any CPU
		Release|Any CPU = Release|Any CPU
	EndGlobalSection
	GlobalSection(ProjectConfigurationPlatforms) = postSolution
		{D5469532-4AF3-4560-8640-97D002C61322}.Debug|Any CPU.ActiveCfg = Debug|Any CPU
		{D5469532-4AF3-4560-8640-97D002C61322}.Debug|Any CPU.Build.0 = Debug|Any CPU
		{D5469532-4AF3-4560-8640-97D002C61322}.Release|Any CPU.ActiveCfg = Release|Any CPU
		{D5469532-4AF3-4560-8640-97D002C61322}.Release|Any CPU.Build.0 = Release|Any CPU
	EndGlobalSection
	GlobalSection(SolutionProperties) = preSolution
		HideSolutionNode = FALSE
	EndGlobalSection
	GlobalSection(ExtensibilityGlobals) = postSolution
		SolutionGuid = {53858525-74F8-4722-BCE4-9F1C2A2E1006}
	EndGlobalSection
EndGlobal
